hash: 820aba7eaf819027fbb2b987c6fe0923a9e6922a7e24bc1bf2d6d12499124e3c
updated: 2017-03-04T15:28:35.472233239-06:00
imports:
- name: github.com/BurntSushi/toml
  version: 99064174e013895bbd9b025c31100bd1d9b590ca
- name: github.com/casimir/xdg-go
  version: 372ccc2180dab73316615641d5617c5ed3e35529
- name: github.com/codegangsta/inject
  version: 37d7f8432a3e684eef9b2edece76bdfa6ac85b39
- name: github.com/daaku/go.zipexe
  version: a5fe2436ffcb3236e175e5149162b41cd28bd27d
- name: github.com/elazarl/go-bindata-assetfs
  version: 30f82fa23fd844bd5bb1e5f216db87fd77b5eb43
- name: github.com/GeertJohan/go.rice
  version: 9fdfd46f9806a9228aae341d65ab75c5235c383c
  subpackages:
  - embedded
- name: github.com/go-swagger/go-swagger
  version: d1a0b6c1007402b2ccde73702eb0e8e43a5e7498
- name: github.com/jinzhu/gorm
  version: 5174cc5c242a728b435ea2be8a2f7f998e15429b
  subpackages:
  - dialects/sqlite
- name: github.com/jinzhu/inflection
  version: 1c35d901db3da928c72a72d8458480cc9ade058f
- name: github.com/kardianos/osext
  version: c2c54e542fb797ad986b31721e1baedf214ca413
- name: github.com/labstack/echo
  version: 948d607539e92f3974d8f24951c8975d7342e24a
- name: github.com/labstack/gommon
  version: 2d272df536d051e737aea353b86c979d6e88bce0
  subpackages:
  - color
  - log
- name: github.com/mattn/go-colorable
  version: d228849504861217f796da67fae4f6e347643f15
- name: github.com/mattn/go-isatty
  version: 30a891c33c7cde7b02a981314b4228ec99380cca
- name: github.com/mattn/go-sqlite3
  version: ca5e3819723d8eeaf170ad510e7da1d6d2e94a08
- name: github.com/mgutz/ansi
  version: 9520e82c474b0a04dd04f8a40959027271bab992
- name: github.com/minio/blake2b-simd
  version: 3f5f724cb5b182a5c278d6d3d55b40e7f8c2efb4
- name: github.com/pkg/errors
  version: 645ef00459ed84a119197bfb8d8205042c6df63d
- name: github.com/Sirupsen/logrus
  version: 0208149b40d863d2c1a2f8fe5753096a9cf2cc8b
- name: github.com/spf13/afero
  version: 90dd71edc4d0a8b3511dc12ea15d617d03be09e0
  subpackages:
  - mem
- name: github.com/tylerb/graceful
  version: 4df1190835320af7076dfcf27b3d071fd3612caf
- name: github.com/urfave/cli
  version: 0bdeddeeb0f650497d603c4ad7b20cfe685682f6
- name: github.com/valyala/fasttemplate
  version: 3b874956e03f1636d171bda64b130f9135f42cff
- name: github.com/x-cray/logrus-prefixed-formatter
  version: 9cd0cf058806896bf8ca66f9a957d36bd9e4ce0f
- name: golang.org/x/crypto
  version: b07d8c96772f426812d3fc5530710ec1f3b205e7
  subpackages:
  - acme
  - acme/autocert
- name: golang.org/x/net
  version: b1a2d6e8c8b5fc8f601ead62536f02a8e1b6217d
  subpackages:
  - context
  - context/ctxhttp
- name: golang.org/x/sys
  version: 478fcf54317e52ab69f40bb4c7a1520288d7f7ea
  subpackages:
  - unix
- name: golang.org/x/text
  version: fd889fe3a20f4878f5f47672fd3ca5b86db005e2
  subpackages:
  - transform
  - unicode/norm
- name: gopkg.in/h2non/filetype.v1
  version: e42395618f967c7925230905a29e63e787e88be6
  subpackages:
  - matchers
  - types
- name: gopkg.in/ini.v1
  version: 6f66b0e091edb3c7b380f7c4f0f884274d550b67
testImports: []
